
Microsoft Visual Studio Solution File, Format Version 12.00
# Visual Studio Version 17
VisualStudioVersion = 17.14.36930.0 d17.14
MinimumVisualStudioVersion = 10.0.40219.1
Project("{FAE04EC0-301F-11D3-BF4B-00C04F79EFBC}") = "ConceitosBasicos", "ConceitosBasicos\ConceitosBasicos.csproj", "{87FFC3D6-4DA2-4D42-89BC-E733FF401B46}"
EndProject
Global
	GlobalSection(SolutionConfigurationPlatforms) = preSolution
		Debug|Any CPU = Debug|Any CPU
		Release|Any CPU = Release|Any CPU
	EndGlobalSection
	GlobalSection(ProjectConfigurationPlatforms) = postSolution
		{87FFC3D6-4DA2-4D42-89BC-E733FF401B46}.Debug|Any CPU.ActiveCfg = Debug|Any CPU
		{87FFC3D6-4DA2-4D42-89BC-E733FF401B46}.Debug|Any CPU.Build.0 = Debug|Any CPU
		{87FFC3D6-4DA2-4D42-89BC-E733FF401B46}.Release|Any CPU.ActiveCfg = Release|Any CPU
		{87FFC3D6-4DA2-4D42-89BC-E733FF401B46}.Release|Any CPU.Build.0 = Release|Any CPU
	EndGlobalSection
	GlobalSection(SolutionProperties) = preSolution
		HideSolutionNode = FALSE
	EndGlobalSection
	GlobalSection(ExtensibilityGlobals) = postSolution
		SolutionGuid = {22568D11-363F-432F-8277-D9F3BE0B7AA6}
	EndGlobalSection
EndGlobal
